schema: '2.0'
stages:
  build_features:
    cmd: uv run python -m src.features.build_features
    deps:
    - path: data/raw
      hash: md5
      md5: a1f417f657b4496e13b29513656d3af0.dir
      size: 133034
      nfiles: 3
    - path: src/data/loader.py
      hash: md5
      md5: d98c4ce8f45405e5362af429a27a3b9e
      size: 3857
    - path: src/features/build_features.py
      hash: md5
      md5: 888922e27824ae934eac4adae65175bb
      size: 9428
    outs:
    - path: data/features/features.csv
      hash: md5
      md5: 3221e7e37988622a9e75078e679bb98b
      size: 9266
